// !$*UTF8*$!
{
	archiveVersion = 1;
	classes = {
	};
	objectVersion = 50;
	objects = {

/* Begin PBXBuildFile section */
		E5542726265AFA1200207CA0 /* AppDelegate.swift in Sources */ = {isa = PBXBuildFile; fileRef = E5542725265AFA1200207CA0 /* AppDelegate.swift */; };
		E5542728265AFA1200207CA0 /* SceneDelegate.swift in Sources */ = {isa = PBXBuildFile; fileRef = E5542727265AFA1200207CA0 /* SceneDelegate.swift */; };
		E554272A265AFA1200207CA0 /* ViewController.swift in Sources */ = {isa = PBXBuildFile; fileRef = E5542729265AFA1200207CA0 /* ViewController.swift */; };
		E554272D265AFA1200207CA0 /* Main.storyboard in Resources */ = {isa = PBXBuildFile; fileRef = E554272B265AFA1200207CA0 /* Main.storyboard */; };
		E554272F265AFA1500207CA0 /* Assets.xcassets in Resources */ = {isa = PBXBuildFile; fileRef = E554272E265AFA1500207CA0 /* Assets.xcassets */; };
		E5542732265AFA1500207CA0 /* LaunchScreen.storyboard in Resources */ = {isa = PBXBuildFile; fileRef = E5542730265AFA1500207CA0 /* LaunchScreen.storyboard */; };
		E554273D265AFA1500207CA0 /* ObjCTestingTests.swift in Sources */ = {isa = PBXBuildFile; fileRef = E554273C265AFA1500207CA0 /* ObjCTestingTests.swift */; };
		E5542759265AFA3D00207CA0 /* SwiftClass.swift in Sources */ = {isa = PBXBuildFile; fileRef = E5542758265AFA3D00207CA0 /* SwiftClass.swift */; };
		E554275A265AFA3D00207CA0 /* SwiftClass.swift in Sources */ = {isa = PBXBuildFile; fileRef = E5542758265AFA3D00207CA0 /* SwiftClass.swift */; };
		E5542765265AFAA100207CA0 /* ObjCClass.m in Sources */ = {isa = PBXBuildFile; fileRef = E5542764265AFAA100207CA0 /* ObjCClass.m */; };
		E5542766265AFAA100207CA0 /* ObjCClass.m in Sources */ = {isa = PBXBuildFile; fileRef = E5542764265AFAA100207CA0 /* ObjCClass.m */; };
/* End PBXBuildFile section */

/* Begin PBXContainerItemProxy section */
		E5542739265AFA1500207CA0 /* PBXContainerItemProxy */ = {
			isa = PBXContainerItemProxy;
			containerPortal = E554271A265AFA1200207CA0 /* Project object */;
			proxyType = 1;
			remoteGlobalIDString = E5542721265AFA1200207CA0;
			remoteInfo = ObjCTesting;
		};
/* End PBXContainerItemProxy section */

/* Begin PBXFileReference section */
		E5542722265AFA1200207CA0 /* ObjCTesting.app */ = {isa = PBXFileReference; explicitFileType = wrapper.application; includeInIndex = 0; path = ObjCTesting.app; sourceTree = BUILT_PRODUCTS_DIR; };
		E5542725265AFA1200207CA0 /* AppDelegate.swift */ = {isa = PBXFileReference; lastKnownFileType = sourcecode.swift; path = AppDelegate.swift; sourceTree = "<group>"; };
		E5542727265AFA1200207CA0 /* SceneDelegate.swift */ = {isa = PBXFileReference; lastKnownFileType = sourcecode.swift; path = SceneDelegate.swift; sourceTree = "<group>"; };
		E5542729265AFA1200207CA0 /* ViewController.swift */ = {isa = PBXFileReference; lastKnownFileType = sourcecode.swift; path = ViewController.swift; sourceTree = "<group>"; };
		E554272C265AFA1200207CA0 /* Base */ = {isa = PBXFileReference; lastKnownFileType = file.storyboard; name = Base; path = Base.lproj/Main.storyboard; sourceTree = "<group>"; };
		E554272E265AFA1500207CA0 /* Assets.xcassets */ = {isa = PBXFileReference; lastKnownFileType = folder.assetcatalog; path = Assets.xcassets; sourceTree = "<group>"; };
		E5542731265AFA1500207CA0 /* Base */ = {isa = PBXFileReference; lastKnownFileType = file.storyboard; name = Base; path = Base.lproj/LaunchScreen.storyboard; sourceTree = "<group>"; };
		E5542733265AFA1500207CA0 /* Info.plist */ = {isa = PBXFileReference; lastKnownFileType = text.plist.xml; path = Info.plist; sourceTree = "<group>"; };
		E5542738265AFA1500207CA0 /* ObjCTestingTests.xctest */ = {isa = PBXFileReference; explicitFileType = wrapper.cfbundle; includeInIndex = 0; path = ObjCTestingTests.xctest; sourceTree = BUILT_PRODUCTS_DIR; };
		E554273C265AFA1500207CA0 /* ObjCTestingTests.swift */ = {isa = PBXFileReference; lastKnownFileType = sourcecode.swift; path = ObjCTestingTests.swift; sourceTree = "<group>"; };
		E554273E265AFA1500207CA0 /* Info.plist */ = {isa = PBXFileReference; lastKnownFileType = text.plist.xml; path = Info.plist; sourceTree = "<group>"; };
		E5542758265AFA3D00207CA0 /* SwiftClass.swift */ = {isa = PBXFileReference; lastKnownFileType = sourcecode.swift; path = SwiftClass.swift; sourceTree = "<group>"; };
		E5542761265AFAA100207CA0 /* ObjCTesting-Bridging-Header.h */ = {isa = PBXFileReference; lastKnownFileType = sourcecode.c.h; path = "ObjCTesting-Bridging-Header.h"; sourceTree = "<group>"; };
		E5542762265AFAA100207CA0 /* ObjCTestingTests-Bridging-Header.h */ = {isa = PBXFileReference; lastKnownFileType = sourcecode.c.h; path = "ObjCTestingTests-Bridging-Header.h"; sourceTree = "<group>"; };
		E5542763265AFAA100207CA0 /* ObjCClass.h */ = {isa = PBXFileReference; lastKnownFileType = sourcecode.c.h; path = ObjCClass.h; sourceTree = "<group>"; };
		E5542764265AFAA100207CA0 /* ObjCClass.m */ = {isa = PBXFileReference; lastKnownFileType = sourcecode.c.objc; path = ObjCClass.m; sourceTree = "<group>"; };
/* End PBXFileReference section */

/* Begin PBXFrameworksBuildPhase section */
		E554271F265AFA1200207CA0 /* Frameworks */ = {
			isa = PBXFrameworksBuildPhase;
			buildActionMask = 2147483647;
			files = (
			);
			runOnlyForDeploymentPostprocessing = 0;
		};
		E5542735265AFA1500207CA0 /* Frameworks */ = {
			isa = PBXFrameworksBuildPhase;
			buildActionMask = 2147483647;
			files = (
			);
			runOnlyForDeploymentPostprocessing = 0;
		};
/* End PBXFrameworksBuildPhase section */

/* Begin PBXGroup section */
		E5542719265AFA1200207CA0 = {
			isa = PBXGroup;
			children = (
				E5542724265AFA1200207CA0 /* ObjCTesting */,
				E554273B265AFA1500207CA0 /* ObjCTestingTests */,
				E5542723265AFA1200207CA0 /* Products */,
			);
			sourceTree = "<group>";
		};
		E5542723265AFA1200207CA0 /* Products */ = {
			isa = PBXGroup;
			children = (
				E5542722265AFA1200207CA0 /* ObjCTesting.app */,
				E5542738265AFA1500207CA0 /* ObjCTestingTests.xctest */,
			);
			name = Products;
			sourceTree = "<group>";
		};
		E5542724265AFA1200207CA0 /* ObjCTesting */ = {
			isa = PBXGroup;
			children = (
				E5542725265AFA1200207CA0 /* AppDelegate.swift */,
				E5542727265AFA1200207CA0 /* SceneDelegate.swift */,
				E5542729265AFA1200207CA0 /* ViewController.swift */,
				E5542758265AFA3D00207CA0 /* SwiftClass.swift */,
				E554272B265AFA1200207CA0 /* Main.storyboard */,
				E554272E265AFA1500207CA0 /* Assets.xcassets */,
				E5542730265AFA1500207CA0 /* LaunchScreen.storyboard */,
				E5542733265AFA1500207CA0 /* Info.plist */,
				E5542763265AFAA100207CA0 /* ObjCClass.h */,
				E5542764265AFAA100207CA0 /* ObjCClass.m */,
				E5542761265AFAA100207CA0 /* ObjCTesting-Bridging-Header.h */,
				E5542762265AFAA100207CA0 /* ObjCTestingTests-Bridging-Header.h */,
			);
			path = ObjCTesting;
			sourceTree = "<group>";
		};
		E554273B265AFA1500207CA0 /* ObjCTestingTests */ = {
			isa = PBXGroup;
			children = (
				E554273C265AFA1500207CA0 /* ObjCTestingTests.swift */,
				E554273E265AFA1500207CA0 /* Info.plist */,
			);
			path = ObjCTestingTests;
			sourceTree = "<group>";
		};
/* End PBXGroup section */

/* Begin PBXNativeTarget section */
		E5542721265AFA1200207CA0 /* ObjCTesting */ = {
			isa = PBXNativeTarget;
			buildConfigurationList = E554274C265AFA1500207CA0 /* Build configuration list for PBXNativeTarget "ObjCTesting" */;
			buildPhases = (
				E554271E265AFA1200207CA0 /* Sources */,
				E554271F265AFA1200207CA0 /* Frameworks */,
				E5542720265AFA1200207CA0 /* Resources */,
			);
			buildRules = (
			);
			dependencies = (
			);
			name = ObjCTesting;
			productName = ObjCTesting;
			productReference = E5542722265AFA1200207CA0 /* ObjCTesting.app */;
			productType = "com.apple.product-type.application";
		};
		E5542737265AFA1500207CA0 /* ObjCTestingTests */ = {
			isa = PBXNativeTarget;
			buildConfigurationList = E554274F265AFA1500207CA0 /* Build configuration list for PBXNativeTarget "ObjCTestingTests" */;
			buildPhases = (
				E5542734265AFA1500207CA0 /* Sources */,
				E5542735265AFA1500207CA0 /* Frameworks */,
				E5542736265AFA1500207CA0 /* Resources */,
			);
			buildRules = (
			);
			dependencies = (
				E554273A265AFA1500207CA0 /* PBXTargetDependency */,
			);
			name = ObjCTestingTests;
			productName = ObjCTestingTests;
			productReference = E5542738265AFA1500207CA0 /* ObjCTestingTests.xctest */;
			productType = "com.apple.product-type.bundle.unit-test";
		};
/* End PBXNativeTarget section */

/* Begin PBXProject section */
		E554271A265AFA1200207CA0 /* Project object */ = {
			isa = PBXProject;
			attributes = {
				LastSwiftUpdateCheck = 1240;
				LastUpgradeCheck = 1240;
				TargetAttributes = {
					E5542721265AFA1200207CA0 = {
						CreatedOnToolsVersion = 12.4;
						LastSwiftMigration = 1240;
					};
					E5542737265AFA1500207CA0 = {
						CreatedOnToolsVersion = 12.4;
						LastSwiftMigration = 1240;
						TestTargetID = E5542721265AFA1200207CA0;
					};
				};
			};
			buildConfigurationList = E554271D265AFA1200207CA0 /* Build configuration list for PBXProject "ObjCTesting" */;
			compatibilityVersion = "Xcode 9.3";
			developmentRegion = en;
			hasScannedForEncodings = 0;
			knownRegions = (
				en,
				Base,
			);
			mainGroup = E5542719265AFA1200207CA0;
			productRefGroup = E5542723265AFA1200207CA0 /* Products */;
			projectDirPath = "";
			projectRoot = "";
			targets = (
				E5542721265AFA1200207CA0 /* ObjCTesting */,
				E5542737265AFA1500207CA0 /* ObjCTestingTests */,
			);
		};
/* End PBXProject section */

/* Begin PBXResourcesBuildPhase section */
		E5542720265AFA1200207CA0 /* Resources */ = {
			isa = PBXResourcesBuildPhase;
			buildActionMask = 2147483647;
			files = (
				E5542732265AFA1500207CA0 /* LaunchScreen.storyboard in Resources */,
				E554272F265AFA1500207CA0 /* Assets.xcassets in Resources */,
				E554272D265AFA1200207CA0 /* Main.storyboard in Resources */,
			);
			runOnlyForDeploymentPostprocessing = 0;
		};
		E5542736265AFA1500207CA0 /* Resources */ = {
			isa = PBXResourcesBuildPhase;
			buildActionMask = 2147483647;
			files = (
			);
			runOnlyForDeploymentPostprocessing = 0;
		};
/* End PBXResourcesBuildPhase section */

/* Begin PBXSourcesBuildPhase section */
		E554271E265AFA1200207CA0 /* Sources */ = {
			isa = PBXSourcesBuildPhase;
			buildActionMask = 2147483647;
			files = (
				E554272A265AFA1200207CA0 /* ViewController.swift in Sources */,
				E5542726265AFA1200207CA0 /* AppDelegate.swift in Sources */,
				E5542765265AFAA100207CA0 /* ObjCClass.m in Sources */,
				E5542759265AFA3D00207CA0 /* SwiftClass.swift in Sources */,
				E5542728265AFA1200207CA0 /* SceneDelegate.swift in Sources */,
			);
			runOnlyForDeploymentPostprocessing = 0;
		};
		E5542734265AFA1500207CA0 /* Sources */ = {
			isa = PBXSourcesBuildPhase;
			buildActionMask = 2147483647;
			files = (
				E554275A265AFA3D00207CA0 /* SwiftClass.swift in Sources */,
				E554273D265AFA1500207CA0 /* ObjCTestingTests.swift in Sources */,
				E5542766265AFAA100207CA0 /* ObjCClass.m in Sources */,
			);
			runOnlyForDeploymentPostprocessing = 0;
		};
/* End PBXSourcesBuildPhase section */

/* Begin PBXTargetDependency section */
		E554273A265AFA1500207CA0 /* PBXTargetDependency */ = {
			isa = PBXTargetDependency;
			target = E5542721265AFA1200207CA0 /* ObjCTesting */;
			targetProxy = E5542739265AFA1500207CA0 /* PBXContainerItemProxy */;
		};
/* End PBXTargetDependency section */

/* Begin PBXVariantGroup section */
		E554272B265AFA1200207CA0 /* Main.storyboard */ = {
			isa = PBXVariantGroup;
			children = (
				E554272C265AFA1200207CA0 /* Base */,
			);
			name = Main.storyboard;
			sourceTree = "<group>";
		};
		E5542730265AFA1500207CA0 /* LaunchScreen.storyboard */ = {
			isa = PBXVariantGroup;
			children = (
				E5542731265AFA1500207CA0 /* Base */,
			);
			name = LaunchScreen.storyboard;
			sourceTree = "<group>";
		};
/* End PBXVariantGroup section */

/* Begin XCBuildConfiguration section */
		E554274A265AFA1500207CA0 /* Debug */ = {
			isa = XCBuildConfiguration;
			buildSettings = {
				ALWAYS_SEARCH_USER_PATHS = NO;
				CLANG_ANALYZER_NONNULL = YES;
				CLANG_ANALYZER_NUMBER_OBJECT_CONVERSION = YES_AGGRESSIVE;
				CLANG_CXX_LANGUAGE_STANDARD = "gnu++14";
				CLANG_CXX_LIBRARY = "libc++";
				CLANG_ENABLE_MODULES = YES;
				CLANG_ENABLE_OBJC_ARC = YES;
				CLANG_ENABLE_OBJC_WEAK = YES;
				CLANG_WARN_BLOCK_CAPTURE_AUTORELEASING = YES;
				CLANG_WARN_BOOL_CONVERSION = YES;
				CLANG_WARN_COMMA = YES;
				CLANG_WARN_CONSTANT_CONVERSION = YES;
				CLANG_WARN_DEPRECATED_OBJC_IMPLEMENTATIONS = YES;
				CLANG_WARN_DIRECT_OBJC_ISA_USAGE = YES_ERROR;
				CLANG_WARN_DOCUMENTATION_COMMENTS = YES;
				CLANG_WARN_EMPTY_BODY = YES;
				CLANG_WARN_ENUM_CONVERSION = YES;
				CLANG_WARN_INFINITE_RECURSION = YES;
				CLANG_WARN_INT_CONVERSION = YES;
				CLANG_WARN_NON_LITERAL_NULL_CONVERSION = YES;
				CLANG_WARN_OBJC_IMPLICIT_RETAIN_SELF = YES;
				CLANG_WARN_OBJC_LITERAL_CONVERSION = YES;
				CLANG_WARN_OBJC_ROOT_CLASS = YES_ERROR;
				CLANG_WARN_QUOTED_INCLUDE_IN_FRAMEWORK_HEADER = YES;
				CLANG_WARN_RANGE_LOOP_ANALYSIS = YES;
				CLANG_WARN_STRICT_PROTOTYPES = YES;
				CLANG_WARN_SUSPICIOUS_MOVE = YES;
				CLANG_WARN_UNGUARDED_AVAILABILITY = YES_AGGRESSIVE;
				CLANG_WARN_UNREACHABLE_CODE = YES;
				CLANG_WARN__DUPLICATE_METHOD_MATCH = YES;
				COPY_PHASE_STRIP = NO;
				DEBUG_INFORMATION_FORMAT = dwarf;
				ENABLE_STRICT_OBJC_MSGSEND = YES;
				ENABLE_TESTABILITY = YES;
				GCC_C_LANGUAGE_STANDARD = gnu11;
				GCC_DYNAMIC_NO_PIC = NO;
				GCC_NO_COMMON_BLOCKS = YES;
				GCC_OPTIMIZATION_LEVEL = 0;
				GCC_PREPROCESSOR_DEFINITIONS = (
					"DEBUG=1",
					"$(inherited)",
				);
				GCC_WARN_64_TO_32_BIT_CONVERSION = YES;
				GCC_WARN_ABOUT_RETURN_TYPE = YES_ERROR;
				GCC_WARN_UNDECLARED_SELECTOR = YES;
				GCC_WARN_UNINITIALIZED_AUTOS = YES_AGGRESSIVE;
				GCC_WARN_UNUSED_FUNCTION = YES;
				GCC_WARN_UNUSED_VARIABLE = YES;
				IPHONEOS_DEPLOYMENT_TARGET = 14.4;
				MTL_ENABLE_DEBUG_INFO = INCLUDE_SOURCE;
				MTL_FAST_MATH = YES;
				ONLY_ACTIVE_ARCH = YES;
				SDKROOT = iphoneos;
				SWIFT_ACTIVE_COMPILATION_CONDITIONS = DEBUG;
				SWIFT_OPTIMIZATION_LEVEL = "-Onone";
			};
			name = Debug;
		};
		E554274B265AFA1500207CA0 /* Release */ = {
			isa = XCBuildConfiguration;
			buildSettings = {
				ALWAYS_SEARCH_USER_PATHS = NO;
				CLANG_ANALYZER_NONNULL = YES;
				CLANG_ANALYZER_NUMBER_OBJECT_CONVERSION = YES_AGGRESSIVE;
				CLANG_CXX_LANGUAGE_STANDARD = "gnu++14";
				CLANG_CXX_LIBRARY = "libc++";
				CLANG_ENABLE_MODULES = YES;
				CLANG_ENABLE_OBJC_ARC = YES;
				CLANG_ENABLE_OBJC_WEAK = YES;
				CLANG_WARN_BLOCK_CAPTURE_AUTORELEASING = YES;
				CLANG_WARN_BOOL_CONVERSION = YES;
				CLANG_WARN_COMMA = YES;
				CLANG_WARN_CONSTANT_CONVERSION = YES;
				CLANG_WARN_DEPRECATED_OBJC_IMPLEMENTATIONS = YES;
				CLANG_WARN_DIRECT_OBJC_ISA_USAGE = YES_ERROR;
				CLANG_WARN_DOCUMENTATION_COMMENTS = YES;
				CLANG_WARN_EMPTY_BODY = YES;
				CLANG_WARN_ENUM_CONVERSION = YES;
				CLANG_WARN_INFINITE_RECURSION = YES;
				CLANG_WARN_INT_CONVERSION = YES;
				CLANG_WARN_NON_LITERAL_NULL_CONVERSION = YES;
				CLANG_WARN_OBJC_IMPLICIT_RETAIN_SELF = YES;
				CLANG_WARN_OBJC_LITERAL_CONVERSION = YES;
				CLANG_WARN_OBJC_ROOT_CLASS = YES_ERROR;
				CLANG_WARN_QUOTED_INCLUDE_IN_FRAMEWORK_HEADER = YES;
				CLANG_WARN_RANGE_LOOP_ANALYSIS = YES;
				CLANG_WARN_STRICT_PROTOTYPES = YES;
				CLANG_WARN_SUSPICIOUS_MOVE = YES;
				CLANG_WARN_UNGUARDED_AVAILABILITY = YES_AGGRESSIVE;
				CLANG_WARN_UNREACHABLE_CODE = YES;
				CLANG_WARN__DUPLICATE_METHOD_MATCH = YES;
				COPY_PHASE_STRIP = NO;
				DEBUG_INFORMATION_FORMAT = "dwarf-with-dsym";
				ENABLE_NS_ASSERTIONS = NO;
				ENABLE_STRICT_OBJC_MSGSEND = YES;
				GCC_C_LANGUAGE_STANDARD = gnu11;
				GCC_NO_COMMON_BLOCKS = YES;
				GCC_WARN_64_TO_32_BIT_CONVERSION = YES;
				GCC_WARN_ABOUT_RETURN_TYPE = YES_ERROR;
				GCC_WARN_UNDECLARED_SELECTOR = YES;
				GCC_WARN_UNINITIALIZED_AUTOS = YES_AGGRESSIVE;
				GCC_WARN_UNUSED_FUNCTION = YES;
				GCC_WARN_UNUSED_VARIABLE = YES;
				IPHONEOS_DEPLOYMENT_TARGET = 14.4;
				MTL_ENABLE_DEBUG_INFO = NO;
				MTL_FAST_MATH = YES;
				SDKROOT = iphoneos;
				SWIFT_COMPILATION_MODE = wholemodule;
				SWIFT_OPTIMIZATION_LEVEL = "-O";
				VALIDATE_PRODUCT = YES;
			};
			name = Release;
		};
		E554274D265AFA1500207CA0 /* Debug */ = {
			isa = XCBuildConfiguration;
			buildSettings = {
				ASSETCATALOG_COMPILER_APPICON_NAME = AppIcon;
				ASSETCATALOG_COMPILER_GLOBAL_ACCENT_COLOR_NAME = AccentColor;
				CLANG_ENABLE_MODULES = YES;
				CODE_SIGN_STYLE = Automatic;
				DEVELOPMENT_TEAM = R858K84KAC;
				INFOPLIST_FILE = ObjCTesting/Info.plist;
				LD_RUNPATH_SEARCH_PATHS = (
					"$(inherited)",
					"@executable_path/Frameworks",
				);
				PRODUCT_BUNDLE_IDENTIFIER = it.dollos.ObjCTesting;
				PRODUCT_NAME = "$(TARGET_NAME)";
				SWIFT_OBJC_BRIDGING_HEADER = "ObjCTesting/ObjCTesting-Bridging-Header.h";
				SWIFT_OPTIMIZATION_LEVEL = "-Onone";
				SWIFT_VERSION = 5.0;
				TARGETED_DEVICE_FAMILY = "1,2";
			};
			name = Debug;
		};
		E554274E265AFA1500207CA0 /* Release */ = {
			isa = XCBuildConfiguration;
			buildSettings = {
				ASSETCATALOG_COMPILER_APPICON_NAME = AppIcon;
				ASSETCATALOG_COMPILER_GLOBAL_ACCENT_COLOR_NAME = AccentColor;
				CLANG_ENABLE_MODULES = YES;
				CODE_SIGN_STYLE = Automatic;
				DEVELOPMENT_TEAM = R858K84KAC;
				INFOPLIST_FILE = ObjCTesting/Info.plist;
				LD_RUNPATH_SEARCH_PATHS = (
					"$(inherited)",
					"@executable_path/Frameworks",
				);
				PRODUCT_BUNDLE_IDENTIFIER = it.dollos.ObjCTesting;
				PRODUCT_NAME = "$(TARGET_NAME)";
				SWIFT_OBJC_BRIDGING_HEADER = "ObjCTesting/ObjCTesting-Bridging-Header.h";
				SWIFT_VERSION = 5.0;
				TARGETED_DEVICE_FAMILY = "1,2";
			};
			name = Release;
		};
		E5542750265AFA1500207CA0 /* Debug */ = {
			isa = XCBuildConfiguration;
			buildSettings = {
				ALWAYS_EMBED_SWIFT_STANDARD_LIBRARIES = YES;
				BUNDLE_LOADER = "$(TEST_HOST)";
				CLANG_ENABLE_MODULES = YES;
				CODE_SIGN_STYLE = Automatic;
				DEVELOPMENT_TEAM = R858K84KAC;
				INFOPLIST_FILE = ObjCTestingTests/Info.plist;
				IPHONEOS_DEPLOYMENT_TARGET = 14.4;
				LD_RUNPATH_SEARCH_PATHS = (
					"$(inherited)",
					"@executable_path/Frameworks",
					"@loader_path/Frameworks",
				);
				PRODUCT_BUNDLE_IDENTIFIER = it.dollos.ObjCTestingTests;
				PRODUCT_NAME = "$(TARGET_NAME)";
				SWIFT_OBJC_BRIDGING_HEADER = "ObjCTesting/ObjCTestingTests-Bridging-Header.h";
				SWIFT_OPTIMIZATION_LEVEL = "-Onone";
				SWIFT_VERSION = 5.0;
				TARGETED_DEVICE_FAMILY = "1,2";
				TEST_HOST = "$(BUILT_PRODUCTS_DIR)/ObjCTesting.app/ObjCTesting";
			};
			name = Debug;
		};
		E5542751265AFA1500207CA0 /* Release */ = {
			isa = XCBuildConfiguration;
			buildSettings = {
				ALWAYS_EMBED_SWIFT_STANDARD_LIBRARIES = YES;
				BUNDLE_LOADER = "$(TEST_HOST)";
				CLANG_ENABLE_MODULES = YES;
				CODE_SIGN_STYLE = Automatic;
				DEVELOPMENT_TEAM = R858K84KAC;
				INFOPLIST_FILE = ObjCTestingTests/Info.plist;
				IPHONEOS_DEPLOYMENT_TARGET = 14.4;
				LD_RUNPATH_SEARCH_PATHS = (
					"$(inherited)",
					"@executable_path/Frameworks",
					"@loader_path/Frameworks",
				);
				PRODUCT_BUNDLE_IDENTIFIER = it.dollos.ObjCTestingTests;
				PRODUCT_NAME = "$(TARGET_NAME)";
				SWIFT_OBJC_BRIDGING_HEADER = "ObjCTesting/ObjCTestingTests-Bridging-Header.h";
				SWIFT_VERSION = 5.0;
				TARGETED_DEVICE_FAMILY = "1,2";
				TEST_HOST = "$(BUILT_PRODUCTS_DIR)/ObjCTesting.app/ObjCTesting";
			};
			name = Release;
		};
/* End XCBuildConfiguration section */

/* Begin XCConfigurationList section */
		E554271D265AFA1200207CA0 /* Build configuration list for PBXProject "ObjCTesting" */ = {
			isa = XCConfigurationList;
			buildConfigurations = (
				E554274A265AFA1500207CA0 /* Debug */,
				E554274B265AFA1500207CA0 /* Release */,
			);
			defaultConfigurationIsVisible = 0;
			defaultConfigurationName = Release;
		};
		E554274C265AFA1500207CA0 /* Build configuration list for PBXNativeTarget "ObjCTesting" */ = {
			isa = XCConfigurationList;
			buildConfigurations = (
				E554274D265AFA1500207CA0 /* Debug */,
				E554274E265AFA1500207CA0 /* Release */,
			);
			defaultConfigurationIsVisible = 0;
			defaultConfigurationName = Release;
		};
		E554274F265AFA1500207CA0 /* Build configuration list for PBXNativeTarget "ObjCTestingTests" */ = {
			isa = XCConfigurationList;
			buildConfigurations = (
				E5542750265AFA1500207CA0 /* Debug */,
				E5542751265AFA1500207CA0 /* Release */,
			);
			defaultConfigurationIsVisible = 0;
			defaultConfigurationName = Release;
		};
/* End XCConfigurationList section */
	};
	rootObject = E554271A265AFA1200207CA0 /* Project object */;
}
